// !$*UTF8*$!
{
	archiveVersion = 1;
	classes = {
	};
	objectVersion = 48;
	objects = {

/* Begin PBXBuildFile section */
		013A12E3C06F64D5CB7E394A /* libPods-VueX.a in Frameworks */ = {isa = PBXBuildFile; fileRef = 5CA5474E884566BCF3F0AF60 /* libPods-VueX.a */; };
		FC69DF152060A234006461A6 /* AppDelegate.swift in Sources */ = {isa = PBXBuildFile; fileRef = FC69DF142060A234006461A6 /* AppDelegate.swift */; };
		FC69DF172060A234006461A6 /* ViewController.swift in Sources */ = {isa = PBXBuildFile; fileRef = FC69DF162060A234006461A6 /* ViewController.swift */; };
		FC69DF1A2060A234006461A6 /* Main.storyboard in Resources */ = {isa = PBXBuildFile; fileRef = FC69DF182060A234006461A6 /* Main.storyboard */; };
		FC69DF1C2060A234006461A6 /* Assets.xcassets in Resources */ = {isa = PBXBuildFile; fileRef = FC69DF1B2060A234006461A6 /* Assets.xcassets */; };
		FC69DF1F2060A234006461A6 /* LaunchScreen.storyboard in Resources */ = {isa = PBXBuildFile; fileRef = FC69DF1D2060A234006461A6 /* LaunchScreen.storyboard */; };
		FC69DF2A2060A234006461A6 /* VueXTests.swift in Sources */ = {isa = PBXBuildFile; fileRef = FC69DF292060A234006461A6 /* VueXTests.swift */; };
		FC69DF352060A234006461A6 /* VueXUITests.swift in Sources */ = {isa = PBXBuildFile; fileRef = FC69DF342060A234006461A6 /* VueXUITests.swift */; };
/* End PBXBuildFile section */

/* Begin PBXContainerItemProxy section */
		FC69DF262060A234006461A6 /* PBXContainerItemProxy */ = {
			isa = PBXContainerItemProxy;
			containerPortal = FC69DF092060A234006461A6 /* Project object */;
			proxyType = 1;
			remoteGlobalIDString = FC69DF102060A234006461A6;
			remoteInfo = VueX;
		};
		FC69DF312060A234006461A6 /* PBXContainerItemProxy */ = {
			isa = PBXContainerItemProxy;
			containerPortal = FC69DF092060A234006461A6 /* Project object */;
			proxyType = 1;
			remoteGlobalIDString = FC69DF102060A234006461A6;
			remoteInfo = VueX;
		};
/* End PBXContainerItemProxy section */

/* Begin PBXFileReference section */
		5CA5474E884566BCF3F0AF60 /* libPods-VueX.a */ = {isa = PBXFileReference; explicitFileType = archive.ar; includeInIndex = 0; path = "libPods-VueX.a"; sourceTree = BUILT_PRODUCTS_DIR; };
		C66C38FF3017E6807D0A5D65 /* Pods-VueX.release.xcconfig */ = {isa = PBXFileReference; includeInIndex = 1; lastKnownFileType = text.xcconfig; name = "Pods-VueX.release.xcconfig"; path = "Pods/Target Support Files/Pods-VueX/Pods-VueX.release.xcconfig"; sourceTree = "<group>"; };
		CEC2109D4F43E4B50EBA34B5 /* Pods-VueX.debug.xcconfig */ = {isa = PBXFileReference; includeInIndex = 1; lastKnownFileType = text.xcconfig; name = "Pods-VueX.debug.xcconfig"; path = "Pods/Target Support Files/Pods-VueX/Pods-VueX.debug.xcconfig"; sourceTree = "<group>"; };
		FC69DF112060A234006461A6 /* VueX.app */ = {isa = PBXFileReference; explicitFileType = wrapper.application; includeInIndex = 0; path = VueX.app; sourceTree = BUILT_PRODUCTS_DIR; };
		FC69DF142060A234006461A6 /* AppDelegate.swift */ = {isa = PBXFileReference; lastKnownFileType = sourcecode.swift; path = AppDelegate.swift; sourceTree = "<group>"; };
		FC69DF162060A234006461A6 /* ViewController.swift */ = {isa = PBXFileReference; lastKnownFileType = sourcecode.swift; path = ViewController.swift; sourceTree = "<group>"; };
		FC69DF192060A234006461A6 /* Base */ = {isa = PBXFileReference; lastKnownFileType = file.storyboard; name = Base; path = Base.lproj/Main.storyboard; sourceTree = "<group>"; };
		FC69DF1B2060A234006461A6 /* Assets.xcassets */ = {isa = PBXFileReference; lastKnownFileType = folder.assetcatalog; path = Assets.xcassets; sourceTree = "<group>"; };
		FC69DF1E2060A234006461A6 /* Base */ = {isa = PBXFileReference; lastKnownFileType = file.storyboard; name = Base; path = Base.lproj/LaunchScreen.storyboard; sourceTree = "<group>"; };
		FC69DF202060A234006461A6 /* Info.plist */ = {isa = PBXFileReference; lastKnownFileType = text.plist.xml; path = Info.plist; sourceTree = "<group>"; };
		FC69DF252060A234006461A6 /* VueXTests.xctest */ = {isa = PBXFileReference; explicitFileType = wrapper.cfbundle; includeInIndex = 0; path = VueXTests.xctest; sourceTree = BUILT_PRODUCTS_DIR; };
		FC69DF292060A234006461A6 /* VueXTests.swift */ = {isa = PBXFileReference; lastKnownFileType = sourcecode.swift; path = VueXTests.swift; sourceTree = "<group>"; };
		FC69DF2B2060A234006461A6 /* Info.plist */ = {isa = PBXFileReference; lastKnownFileType = text.plist.xml; path = Info.plist; sourceTree = "<group>"; };
		FC69DF302060A234006461A6 /* VueXUITests.xctest */ = {isa = PBXFileReference; explicitFileType = wrapper.cfbundle; includeInIndex = 0; path = VueXUITests.xctest; sourceTree = BUILT_PRODUCTS_DIR; };
		FC69DF342060A234006461A6 /* VueXUITests.swift */ = {isa = PBXFileReference; lastKnownFileType = sourcecode.swift; path = VueXUITests.swift; sourceTree = "<group>"; };
		FC69DF362060A234006461A6 /* Info.plist */ = {isa = PBXFileReference; lastKnownFileType = text.plist.xml; path = Info.plist; sourceTree = "<group>"; };
/* End PBXFileReference section */

/* Begin PBXFrameworksBuildPhase section */
		FC69DF0E2060A234006461A6 /* Frameworks */ = {
			isa = PBXFrameworksBuildPhase;
			buildActionMask = 2147483647;
			files = (
				013A12E3C06F64D5CB7E394A /* libPods-VueX.a in Frameworks */,
			);
			runOnlyForDeploymentPostprocessing = 0;
		};
		FC69DF222060A234006461A6 /* Frameworks */ = {
			isa = PBXFrameworksBuildPhase;
			buildActionMask = 2147483647;
			files = (
			);
			runOnlyForDeploymentPostprocessing = 0;
		};
		FC69DF2D2060A234006461A6 /* Frameworks */ = {
			isa = PBXFrameworksBuildPhase;
			buildActionMask = 2147483647;
			files = (
			);
			runOnlyForDeploymentPostprocessing = 0;
		};
/* End PBXFrameworksBuildPhase section */

/* Begin PBXGroup section */
		40A9D7F22613ABCA822BAFFD /* Frameworks */ = {
			isa = PBXGroup;
			children = (
				5CA5474E884566BCF3F0AF60 /* libPods-VueX.a */,
			);
			name = Frameworks;
			sourceTree = "<group>";
		};
		A4A43E05F76465915C3C27B3 /* Pods */ = {
			isa = PBXGroup;
			children = (
				CEC2109D4F43E4B50EBA34B5 /* Pods-VueX.debug.xcconfig */,
				C66C38FF3017E6807D0A5D65 /* Pods-VueX.release.xcconfig */,
			);
			name = Pods;
			sourceTree = "<group>";
		};
		FC69DF082060A234006461A6 = {
			isa = PBXGroup;
			children = (
				FC69DF132060A234006461A6 /* VueX */,
				FC69DF282060A234006461A6 /* VueXTests */,
				FC69DF332060A234006461A6 /* VueXUITests */,
				FC69DF122060A234006461A6 /* Products */,
				A4A43E05F76465915C3C27B3 /* Pods */,
				40A9D7F22613ABCA822BAFFD /* Frameworks */,
			);
			sourceTree = "<group>";
		};
		FC69DF122060A234006461A6 /* Products */ = {
			isa = PBXGroup;
			children = (
				FC69DF112060A234006461A6 /* VueX.app */,
				FC69DF252060A234006461A6 /* VueXTests.xctest */,
				FC69DF302060A234006461A6 /* VueXUITests.xctest */,
			);
			name = Products;
			sourceTree = "<group>";
		};
		FC69DF132060A234006461A6 /* VueX */ = {
			isa = PBXGroup;
			children = (
				FC69DF142060A234006461A6 /* AppDelegate.swift */,
				FC69DF162060A234006461A6 /* ViewController.swift */,
				FC69DF182060A234006461A6 /* Main.storyboard */,
				FC69DF1B2060A234006461A6 /* Assets.xcassets */,
				FC69DF1D2060A234006461A6 /* LaunchScreen.storyboard */,
				FC69DF202060A234006461A6 /* Info.plist */,
			);
			path = VueX;
			sourceTree = "<group>";
		};
		FC69DF282060A234006461A6 /* VueXTests */ = {
			isa = PBXGroup;
			children = (
				FC69DF292060A234006461A6 /* VueXTests.swift */,
				FC69DF2B2060A234006461A6 /* Info.plist */,
			);
			path = VueXTests;
			sourceTree = "<group>";
		};
		FC69DF332060A234006461A6 /* VueXUITests */ = {
			isa = PBXGroup;
			children = (
				FC69DF342060A234006461A6 /* VueXUITests.swift */,
				FC69DF362060A234006461A6 /* Info.plist */,
			);
			path = VueXUITests;
			sourceTree = "<group>";
		};
/* End PBXGroup section */

/* Begin PBXNativeTarget section */
		FC69DF102060A234006461A6 /* VueX */ = {
			isa = PBXNativeTarget;
			buildConfigurationList = FC69DF392060A234006461A6 /* Build configuration list for PBXNativeTarget "VueX" */;
			buildPhases = (
				3E1201BBF7A868DD81C2A92E /* [CP] Check Pods Manifest.lock */,
				FC69DF0D2060A234006461A6 /* Sources */,
				FC69DF0E2060A234006461A6 /* Frameworks */,
				FC69DF0F2060A234006461A6 /* Resources */,
				3A7D79DC468F9DA74502FAA4 /* [CP] Embed Pods Frameworks */,
				0AA7400FE57E9C06DF1DECD4 /* [CP] Copy Pods Resources */,
			);
			buildRules = (
			);
			dependencies = (
			);
			name = VueX;
			productName = VueX;
			productReference = FC69DF112060A234006461A6 /* VueX.app */;
			productType = "com.apple.product-type.application";
		};
		FC69DF242060A234006461A6 /* VueXTests */ = {
			isa = PBXNativeTarget;
			buildConfigurationList = FC69DF3C2060A234006461A6 /* Build configuration list for PBXNativeTarget "VueXTests" */;
			buildPhases = (
				FC69DF212060A234006461A6 /* Sources */,
				FC69DF222060A234006461A6 /* Frameworks */,
				FC69DF232060A234006461A6 /* Resources */,
			);
			buildRules = (
			);
			dependencies = (
				FC69DF272060A234006461A6 /* PBXTargetDependency */,
			);
			name = VueXTests;
			productName = VueXTests;
			productReference = FC69DF252060A234006461A6 /* VueXTests.xctest */;
			productType = "com.apple.product-type.bundle.unit-test";
		};
		FC69DF2F2060A234006461A6 /* VueXUITests */ = {
			isa = PBXNativeTarget;
			buildConfigurationList = FC69DF3F2060A234006461A6 /* Build configuration list for PBXNativeTarget "VueXUITests" */;
			buildPhases = (
				FC69DF2C2060A234006461A6 /* Sources */,
				FC69DF2D2060A234006461A6 /* Frameworks */,
				FC69DF2E2060A234006461A6 /* Resources */,
			);
			buildRules = (
			);
			dependencies = (
				FC69DF322060A234006461A6 /* PBXTargetDependency */,
			);
			name = VueXUITests;
			productName = VueXUITests;
			productReference = FC69DF302060A234006461A6 /* VueXUITests.xctest */;
			productType = "com.apple.product-type.bundle.ui-testing";
		};
/* End PBXNativeTarget section */

/* Begin PBXProject section */
		FC69DF092060A234006461A6 /* Project object */ = {
			isa = PBXProject;
			attributes = {
				LastSwiftUpdateCheck = 0920;
				LastUpgradeCheck = 0920;
				ORGANIZATIONNAME = "张一鸣";
				TargetAttributes = {
					FC69DF102060A234006461A6 = {
						CreatedOnToolsVersion = 9.2;
						ProvisioningStyle = Automatic;
					};
					FC69DF242060A234006461A6 = {
						CreatedOnToolsVersion = 9.2;
						ProvisioningStyle = Automatic;
						TestTargetID = FC69DF102060A234006461A6;
					};
					FC69DF2F2060A234006461A6 = {
						CreatedOnToolsVersion = 9.2;
						ProvisioningStyle = Automatic;
						TestTargetID = FC69DF102060A234006461A6;
					};
				};
			};
			buildConfigurationList = FC69DF0C2060A234006461A6 /* Build configuration list for PBXProject "VueX" */;
			compatibilityVersion = "Xcode 8.0";
			developmentRegion = en;
			hasScannedForEncodings = 0;
			knownRegions = (
				en,
				Base,
			);
			mainGroup = FC69DF082060A234006461A6;
			productRefGroup = FC69DF122060A234006461A6 /* Products */;
			projectDirPath = "";
			projectRoot = "";
			targets = (
				FC69DF102060A234006461A6 /* VueX */,
				FC69DF242060A234006461A6 /* VueXTests */,
				FC69DF2F2060A234006461A6 /* VueXUITests */,
			);
		};
/* End PBXProject section */

/* Begin PBXResourcesBuildPhase section */
		FC69DF0F2060A234006461A6 /* Resources */ = {
			isa = PBXResourcesBuildPhase;
			buildActionMask = 2147483647;
			files = (
				FC69DF1F2060A234006461A6 /* LaunchScreen.storyboard in Resources */,
				FC69DF1C2060A234006461A6 /* Assets.xcassets in Resources */,
				FC69DF1A2060A234006461A6 /* Main.storyboard in Resources */,
			);
			runOnlyForDeploymentPostprocessing = 0;
		};
		FC69DF232060A234006461A6 /* Resources */ = {
			isa = PBXResourcesBuildPhase;
			buildActionMask = 2147483647;
			files = (
			);
			runOnlyForDeploymentPostprocessing = 0;
		};
		FC69DF2E2060A234006461A6 /* Resources */ = {
			isa = PBXResourcesBuildPhase;
			buildActionMask = 2147483647;
			files = (
			);
			runOnlyForDeploymentPostprocessing = 0;
		};
/* End PBXResourcesBuildPhase section */

/* Begin PBXShellScriptBuildPhase section */
		0AA7400FE57E9C06DF1DECD4 /* [CP] Copy Pods Resources */ = {
			isa = PBXShellScriptBuildPhase;
			buildActionMask = 2147483647;
			files = (
			);
			inputPaths = (
			);
			name = "[CP] Copy Pods Resources";
			outputPaths = (
			);
			runOnlyForDeploymentPostprocessing = 0;
			shellPath = /bin/sh;
			shellScript = "\"${SRCROOT}/Pods/Target Support Files/Pods-VueX/Pods-VueX-resources.sh\"\n";
			showEnvVarsInLog = 0;
		};
		3A7D79DC468F9DA74502FAA4 /* [CP] Embed Pods Frameworks */ = {
			isa = PBXShellScriptBuildPhase;
			buildActionMask = 2147483647;
			files = (
			);
			inputPaths = (
			);
			name = "[CP] Embed Pods Frameworks";
			outputPaths = (
			);
			runOnlyForDeploymentPostprocessing = 0;
			shellPath = /bin/sh;
			shellScript = "\"${SRCROOT}/Pods/Target Support Files/Pods-VueX/Pods-VueX-frameworks.sh\"\n";
			showEnvVarsInLog = 0;
		};
		3E1201BBF7A868DD81C2A92E /* [CP] Check Pods Manifest.lock */ = {
			isa = PBXShellScriptBuildPhase;
			buildActionMask = 2147483647;
			files = (
			);
			inputPaths = (
				"${PODS_PODFILE_DIR_PATH}/Podfile.lock",
				"${PODS_ROOT}/Manifest.lock",
			);
			name = "[CP] Check Pods Manifest.lock";
			outputPaths = (
				"$(DERIVED_FILE_DIR)/Pods-VueX-checkManifestLockResult.txt",
			);
			runOnlyForDeploymentPostprocessing = 0;
			shellPath = /bin/sh;
			shellScript = "diff \"${PODS_PODFILE_DIR_PATH}/Podfile.lock\" \"${PODS_ROOT}/Manifest.lock\" > /dev/null\nif [ $? != 0 ] ; then\n    # print error to STDERR\n    echo \"error: The sandbox is not in sync with the Podfile.lock. Run 'pod install' or update your CocoaPods installation.\" >&2\n    exit 1\nfi\n# This output is used by Xcode 'outputs' to avoid re-running this script phase.\necho \"SUCCESS\" > \"${SCRIPT_OUTPUT_FILE_0}\"\n";
			showEnvVarsInLog = 0;
		};
/* End PBXShellScriptBuildPhase section */

/* Begin PBXSourcesBuildPhase section */
		FC69DF0D2060A234006461A6 /* Sources */ = {
			isa = PBXSourcesBuildPhase;
			buildActionMask = 2147483647;
			files = (
				FC69DF172060A234006461A6 /* ViewController.swift in Sources */,
				FC69DF152060A234006461A6 /* AppDelegate.swift in Sources */,
			);
			runOnlyForDeploymentPostprocessing = 0;
		};
		FC69DF212060A234006461A6 /* Sources */ = {
			isa = PBXSourcesBuildPhase;
			buildActionMask = 2147483647;
			files = (
				FC69DF2A2060A234006461A6 /* VueXTests.swift in Sources */,
			);
			runOnlyForDeploymentPostprocessing = 0;
		};
		FC69DF2C2060A234006461A6 /* Sources */ = {
			isa = PBXSourcesBuildPhase;
			buildActionMask = 2147483647;
			files = (
				FC69DF352060A234006461A6 /* VueXUITests.swift in Sources */,
			);
			runOnlyForDeploymentPostprocessing = 0;
		};
/* End PBXSourcesBuildPhase section */

/* Begin PBXTargetDependency section */
		FC69DF272060A234006461A6 /* PBXTargetDependency */ = {
			isa = PBXTargetDependency;
			target = FC69DF102060A234006461A6 /* VueX */;
			targetProxy = FC69DF262060A234006461A6 /* PBXContainerItemProxy */;
		};
		FC69DF322060A234006461A6 /* PBXTargetDependency */ = {
			isa = PBXTargetDependency;
			target = FC69DF102060A234006461A6 /* VueX */;
			targetProxy = FC69DF312060A234006461A6 /* PBXContainerItemProxy */;
		};
/* End PBXTargetDependency section */

/* Begin PBXVariantGroup section */
		FC69DF182060A234006461A6 /* Main.storyboard */ = {
			isa = PBXVariantGroup;
			children = (
				FC69DF192060A234006461A6 /* Base */,
			);
			name = Main.storyboard;
			sourceTree = "<group>";
		};
		FC69DF1D2060A234006461A6 /* LaunchScreen.storyboard */ = {
			isa = PBXVariantGroup;
			children = (
				FC69DF1E2060A234006461A6 /* Base */,
			);
			name = LaunchScreen.storyboard;
			sourceTree = "<group>";
		};
/* End PBXVariantGroup section */

/* Begin XCBuildConfiguration section */
		FC69DF372060A234006461A6 /* Debug */ = {
			isa = XCBuildConfiguration;
			buildSettings = {
				ALWAYS_SEARCH_USER_PATHS = NO;
				CLANG_ANALYZER_NONNULL = YES;
				CLANG_ANALYZER_NUMBER_OBJECT_CONVERSION = YES_AGGRESSIVE;
				CLANG_CXX_LANGUAGE_STANDARD = "gnu++14";
				CLANG_CXX_LIBRARY = "libc++";
				CLANG_ENABLE_MODULES = YES;
				CLANG_ENABLE_OBJC_ARC = YES;
				CLANG_WARN_BLOCK_CAPTURE_AUTORELEASING = YES;
				CLANG_WARN_BOOL_CONVERSION = YES;
				CLANG_WARN_COMMA = YES;
				CLANG_WARN_CONSTANT_CONVERSION = YES;
				CLANG_WARN_DIRECT_OBJC_ISA_USAGE = YES_ERROR;
				CLANG_WARN_DOCUMENTATION_COMMENTS = YES;
				CLANG_WARN_EMPTY_BODY = YES;
				CLANG_WARN_ENUM_CONVERSION = YES;
				CLANG_WARN_INFINITE_RECURSION = YES;
				CLANG_WARN_INT_CONVERSION = YES;
				CLANG_WARN_NON_LITERAL_NULL_CONVERSION = YES;
				CLANG_WARN_OBJC_LITERAL_CONVERSION = YES;
				CLANG_WARN_OBJC_ROOT_CLASS = YES_ERROR;
				CLANG_WARN_RANGE_LOOP_ANALYSIS = YES;
				CLANG_WARN_STRICT_PROTOTYPES = YES;
				CLANG_WARN_SUSPICIOUS_MOVE = YES;
				CLANG_WARN_UNGUARDED_AVAILABILITY = YES_AGGRESSIVE;
				CLANG_WARN_UNREACHABLE_CODE = YES;
				CLANG_WARN__DUPLICATE_METHOD_MATCH = YES;
				CODE_SIGN_IDENTITY = "iPhone Developer";
				COPY_PHASE_STRIP = NO;
				DEBUG_INFORMATION_FORMAT = dwarf;
				ENABLE_STRICT_OBJC_MSGSEND = YES;
				ENABLE_TESTABILITY = YES;
				GCC_C_LANGUAGE_STANDARD = gnu11;
				GCC_DYNAMIC_NO_PIC = NO;
				GCC_NO_COMMON_BLOCKS = YES;
				GCC_OPTIMIZATION_LEVEL = 0;
				GCC_PREPROCESSOR_DEFINITIONS = (
					"DEBUG=1",
					"$(inherited)",
				);
				GCC_WARN_64_TO_32_BIT_CONVERSION = YES;
				GCC_WARN_ABOUT_RETURN_TYPE = YES_ERROR;
				GCC_WARN_UNDECLARED_SELECTOR = YES;
				GCC_WARN_UNINITIALIZED_AUTOS = YES_AGGRESSIVE;
				GCC_WARN_UNUSED_FUNCTION = YES;
				GCC_WARN_UNUSED_VARIABLE = YES;
				IPHONEOS_DEPLOYMENT_TARGET = 11.2;
				MTL_ENABLE_DEBUG_INFO = YES;
				ONLY_ACTIVE_ARCH = YES;
				SDKROOT = iphoneos;
				SWIFT_ACTIVE_COMPILATION_CONDITIONS = DEBUG;
				SWIFT_OPTIMIZATION_LEVEL = "-Onone";
			};
			name = Debug;
		};
		FC69DF382060A234006461A6 /* Release */ = {
			isa = XCBuildConfiguration;
			buildSettings = {
				ALWAYS_SEARCH_USER_PATHS = NO;
				CLANG_ANALYZER_NONNULL = YES;
				CLANG_ANALYZER_NUMBER_OBJECT_CONVERSION = YES_AGGRESSIVE;
				CLANG_CXX_LANGUAGE_STANDARD = "gnu++14";
				CLANG_CXX_LIBRARY = "libc++";
				CLANG_ENABLE_MODULES = YES;
				CLANG_ENABLE_OBJC_ARC = YES;
				CLANG_WARN_BLOCK_CAPTURE_AUTORELEASING = YES;
				CLANG_WARN_BOOL_CONVERSION = YES;
				CLANG_WARN_COMMA = YES;
				CLANG_WARN_CONSTANT_CONVERSION = YES;
				CLANG_WARN_DIRECT_OBJC_ISA_USAGE = YES_ERROR;
				CLANG_WARN_DOCUMENTATION_COMMENTS = YES;
				CLANG_WARN_EMPTY_BODY = YES;
				CLANG_WARN_ENUM_CONVERSION = YES;
				CLANG_WARN_INFINITE_RECURSION = YES;
				CLANG_WARN_INT_CONVERSION = YES;
				CLANG_WARN_NON_LITERAL_NULL_CONVERSION = YES;
				CLANG_WARN_OBJC_LITERAL_CONVERSION = YES;
				CLANG_WARN_OBJC_ROOT_CLASS = YES_ERROR;
				CLANG_WARN_RANGE_LOOP_ANALYSIS = YES;
				CLANG_WARN_STRICT_PROTOTYPES = YES;
				CLANG_WARN_SUSPICIOUS_MOVE = YES;
				CLANG_WARN_UNGUARDED_AVAILABILITY = YES_AGGRESSIVE;
				CLANG_WARN_UNREACHABLE_CODE = YES;
				CLANG_WARN__DUPLICATE_METHOD_MATCH = YES;
				CODE_SIGN_IDENTITY = "iPhone Developer";
				COPY_PHASE_STRIP = NO;
				DEBUG_INFORMATION_FORMAT = "dwarf-with-dsym";
				ENABLE_NS_ASSERTIONS = NO;
				ENABLE_STRICT_OBJC_MSGSEND = YES;
				GCC_C_LANGUAGE_STANDARD = gnu11;
				GCC_NO_COMMON_BLOCKS = YES;
				GCC_WARN_64_TO_32_BIT_CONVERSION = YES;
				GCC_WARN_ABOUT_RETURN_TYPE = YES_ERROR;
				GCC_WARN_UNDECLARED_SELECTOR = YES;
				GCC_WARN_UNINITIALIZED_AUTOS = YES_AGGRESSIVE;
				GCC_WARN_UNUSED_FUNCTION = YES;
				GCC_WARN_UNUSED_VARIABLE = YES;
				IPHONEOS_DEPLOYMENT_TARGET = 11.2;
				MTL_ENABLE_DEBUG_INFO = NO;
				SDKROOT = iphoneos;
				SWIFT_OPTIMIZATION_LEVEL = "-Owholemodule";
				VALIDATE_PRODUCT = YES;
			};
			name = Release;
		};
		FC69DF3A2060A234006461A6 /* Debug */ = {
			isa = XCBuildConfiguration;
			baseConfigurationReference = CEC2109D4F43E4B50EBA34B5 /* Pods-VueX.debug.xcconfig */;
			buildSettings = {
				ASSETCATALOG_COMPILER_APPICON_NAME = AppIcon;
				CODE_SIGN_STYLE = Automatic;
				DEVELOPMENT_TEAM = KK699H92EX;
				INFOPLIST_FILE = VueX/Info.plist;
				LD_RUNPATH_SEARCH_PATHS = "$(inherited) @executable_path/Frameworks";
				PRODUCT_BUNDLE_IDENTIFIER = com.scvw.zym.VueX;
				PRODUCT_NAME = "$(TARGET_NAME)";
				SWIFT_VERSION = 4.0;
				TARGETED_DEVICE_FAMILY = "1,2";
			};
			name = Debug;
		};
		FC69DF3B2060A234006461A6 /* Release */ = {
			isa = XCBuildConfiguration;
			baseConfigurationReference = C66C38FF3017E6807D0A5D65 /* Pods-VueX.release.xcconfig */;
			buildSettings = {
				ASSETCATALOG_COMPILER_APPICON_NAME = AppIcon;
				CODE_SIGN_STYLE = Automatic;
				DEVELOPMENT_TEAM = KK699H92EX;
				INFOPLIST_FILE = VueX/Info.plist;
				LD_RUNPATH_SEARCH_PATHS = "$(inherited) @executable_path/Frameworks";
				PRODUCT_BUNDLE_IDENTIFIER = com.scvw.zym.VueX;
				PRODUCT_NAME = "$(TARGET_NAME)";
				SWIFT_VERSION = 4.0;
				TARGETED_DEVICE_FAMILY = "1,2";
			};
			name = Release;
		};
		FC69DF3D2060A234006461A6 /* Debug */ = {
			isa = XCBuildConfiguration;
			buildSettings = {
				ALWAYS_EMBED_SWIFT_STANDARD_LIBRARIES = YES;
				BUNDLE_LOADER = "$(TEST_HOST)";
				CODE_SIGN_STYLE = Automatic;
				DEVELOPMENT_TEAM = KK699H92EX;
				INFOPLIST_FILE = VueXTests/Info.plist;
				LD_RUNPATH_SEARCH_PATHS = "$(inherited) @executable_path/Frameworks @loader_path/Frameworks";
				PRODUCT_BUNDLE_IDENTIFIER = com.scvw.zym.VueXTests;
				PRODUCT_NAME = "$(TARGET_NAME)";
				SWIFT_VERSION = 4.0;
				TARGETED_DEVICE_FAMILY = "1,2";
				TEST_HOST = "$(BUILT_PRODUCTS_DIR)/VueX.app/VueX";
			};
			name = Debug;
		};
		FC69DF3E2060A234006461A6 /* Release */ = {
			isa = XCBuildConfiguration;
			buildSettings = {
				ALWAYS_EMBED_SWIFT_STANDARD_LIBRARIES = YES;
				BUNDLE_LOADER = "$(TEST_HOST)";
				CODE_SIGN_STYLE = Automatic;
				DEVELOPMENT_TEAM = KK699H92EX;
				INFOPLIST_FILE = VueXTests/Info.plist;
				LD_RUNPATH_SEARCH_PATHS = "$(inherited) @executable_path/Frameworks @loader_path/Frameworks";
				PRODUCT_BUNDLE_IDENTIFIER = com.scvw.zym.VueXTests;
				PRODUCT_NAME = "$(TARGET_NAME)";
				SWIFT_VERSION = 4.0;
				TARGETED_DEVICE_FAMILY = "1,2";
				TEST_HOST = "$(BUILT_PRODUCTS_DIR)/VueX.app/VueX";
			};
			name = Release;
		};
		FC69DF402060A234006461A6 /* Debug */ = {
			isa = XCBuildConfiguration;
			buildSettings = {
				ALWAYS_EMBED_SWIFT_STANDARD_LIBRARIES = YES;
				CODE_SIGN_STYLE = Automatic;
				DEVELOPMENT_TEAM = KK699H92EX;
				INFOPLIST_FILE = VueXUITests/Info.plist;
				LD_RUNPATH_SEARCH_PATHS = "$(inherited) @executable_path/Frameworks @loader_path/Frameworks";
				PRODUCT_BUNDLE_IDENTIFIER = com.scvw.zym.VueXUITests;
				PRODUCT_NAME = "$(TARGET_NAME)";
				SWIFT_VERSION = 4.0;
				TARGETED_DEVICE_FAMILY = "1,2";
				TEST_TARGET_NAME = VueX;
			};
			name = Debug;
		};
		FC69DF412060A234006461A6 /* Release */ = {
			isa = XCBuildConfiguration;
			buildSettings = {
				ALWAYS_EMBED_SWIFT_STANDARD_LIBRARIES = YES;
				CODE_SIGN_STYLE = Automatic;
				DEVELOPMENT_TEAM = KK699H92EX;
				INFOPLIST_FILE = VueXUITests/Info.plist;
				LD_RUNPATH_SEARCH_PATHS = "$(inherited) @executable_path/Frameworks @loader_path/Frameworks";
				PRODUCT_BUNDLE_IDENTIFIER = com.scvw.zym.VueXUITests;
				PRODUCT_NAME = "$(TARGET_NAME)";
				SWIFT_VERSION = 4.0;
				TARGETED_DEVICE_FAMILY = "1,2";
				TEST_TARGET_NAME = VueX;
			};
			name = Release;
		};
/* End XCBuildConfiguration section */

/* Begin XCConfigurationList section */
		FC69DF0C2060A234006461A6 /* Build configuration list for PBXProject "VueX" */ = {
			isa = XCConfigurationList;
			buildConfigurations = (
				FC69DF372060A234006461A6 /* Debug */,
				FC69DF382060A234006461A6 /* Release */,
			);
			defaultConfigurationIsVisible = 0;
			defaultConfigurationName = Release;
		};
		FC69DF392060A234006461A6 /* Build configuration list for PBXNativeTarget "VueX" */ = {
			isa = XCConfigurationList;
			buildConfigurations = (
				FC69DF3A2060A234006461A6 /* Debug */,
				FC69DF3B2060A234006461A6 /* Release */,
			);
			defaultConfigurationIsVisible = 0;
			defaultConfigurationName = Release;
		};
		FC69DF3C2060A234006461A6 /* Build configuration list for PBXNativeTarget "VueXTests" */ = {
			isa = XCConfigurationList;
			buildConfigurations = (
				FC69DF3D2060A234006461A6 /* Debug */,
				FC69DF3E2060A234006461A6 /* Release */,
			);
			defaultConfigurationIsVisible = 0;
			defaultConfigurationName = Release;
		};
		FC69DF3F2060A234006461A6 /* Build configuration list for PBXNativeTarget "VueXUITests" */ = {
			isa = XCConfigurationList;
			buildConfigurations = (
				FC69DF402060A234006461A6 /* Debug */,
				FC69DF412060A234006461A6 /* Release */,
			);
			defaultConfigurationIsVisible = 0;
			defaultConfigurationName = Release;
		};
/* End XCConfigurationList section */
	};
	rootObject = FC69DF092060A234006461A6 /* Project object */;
}
